
Microsoft Visual Studio Solution File, Format Version 12.00
# Visual Studio Version 17
VisualStudioVersion = 17.7.34009.444
MinimumVisualStudioVersion = 10.0.40219.1
Project("{FAE04EC0-301F-11D3-BF4B-00C04F79EFBC}") = "PokemonApi", "PokemonApi\PokemonApi.csproj", "{C70C6516-3F85-4E1E-A643-4A3F23CD213B}"
EndProject
Project("{FAE04EC0-301F-11D3-BF4B-00C04F79EFBC}") = "Pokemon.Model", "Pokemon.Model\Pokemon.Model.csproj", "{B75A0125-1472-46B6-963E-6FBDAA701CCC}"
EndProject
Project("{FAE04EC0-301F-11D3-BF4B-00C04F79EFBC}") = "Pokemon.DAL", "Pokemon.DAL\Pokemon.DAL.csproj", "{B133587F-D286-4E86-B6AC-CFF61D63C4F0}"
EndProject
Global
	GlobalSection(SolutionConfigurationPlatforms) = preSolution
		Debug|Any CPU = Debug|Any CPU
		Release|Any CPU = Release|Any CPU
	EndGlobalSection
	GlobalSection(ProjectConfigurationPlatforms) = postSolution
		{C70C6516-3F85-4E1E-A643-4A3F23CD213B}.Debug|Any CPU.ActiveCfg = Debug|Any CPU
		{C70C6516-3F85-4E1E-A643-4A3F23CD213B}.Debug|Any CPU.Build.0 = Debug|Any CPU
		{C70C6516-3F85-4E1E-A643-4A3F23CD213B}.Release|Any CPU.ActiveCfg = Release|Any CPU
		{C70C6516-3F85-4E1E-A643-4A3F23CD213B}.Release|Any CPU.Build.0 = Release|Any CPU
		{B75A0125-1472-46B6-963E-6FBDAA701CCC}.Debug|Any CPU.ActiveCfg = Debug|Any CPU
		{B75A0125-1472-46B6-963E-6FBDAA701CCC}.Debug|Any CPU.Build.0 = Debug|Any CPU
		{B75A0125-1472-46B6-963E-6FBDAA701CCC}.Release|Any CPU.ActiveCfg = Release|Any CPU
		{B75A0125-1472-46B6-963E-6FBDAA701CCC}.Release|Any CPU.Build.0 = Release|Any CPU
		{B133587F-D286-4E86-B6AC-CFF61D63C4F0}.Debug|Any CPU.ActiveCfg = Debug|Any CPU
		{B133587F-D286-4E86-B6AC-CFF61D63C4F0}.Debug|Any CPU.Build.0 = Debug|Any CPU
		{B133587F-D286-4E86-B6AC-CFF61D63C4F0}.Release|Any CPU.ActiveCfg = Release|Any CPU
		{B133587F-D286-4E86-B6AC-CFF61D63C4F0}.Release|Any CPU.Build.0 = Release|Any CPU
	EndGlobalSection
	GlobalSection(SolutionProperties) = preSolution
		HideSolutionNode = FALSE
	EndGlobalSection
	GlobalSection(ExtensibilityGlobals) = postSolution
		SolutionGuid = {EE2D4F30-D5F5-4C6A-8910-9475F322CAAB}
	EndGlobalSection
EndGlobal
